
Microsoft Visual Studio Solution File, Format Version 12.00
# Visual Studio Version 16
VisualStudioVersion = 16.0.31005.135
MinimumVisualStudioVersion = 10.0.40219.1
Project("{FAE04EC0-301F-11D3-BF4B-00C04F79EFBC}") = "Tugas1", "Tugas1\Tugas1.csproj", "{A72482CE-A493-4052-9F6A-FEC772F74973}"
	ProjectSection(ProjectDependencies) = postProject
		{BBB029F6-547E-4EBE-B2C8-FBF96E018487} = {BBB029F6-547E-4EBE-B2C8-FBF96E018487}
	EndProjectSection
EndProject
Project("{9A19103F-16F7-4668-BE54-9A1E7A4F7556}") = "Common", "Common\Common.csproj", "{BBB029F6-547E-4EBE-B2C8-FBF96E018487}"
EndProject
Global
	GlobalSection(SolutionConfigurationPlatforms) = preSolution
		Debug|Any CPU = Debug|Any CPU
		Release|Any CPU = Release|Any CPU
	EndGlobalSection
	GlobalSection(ProjectConfigurationPlatforms) = postSolution
		{A72482CE-A493-4052-9F6A-FEC772F74973}.Debug|Any CPU.ActiveCfg = Debug|Any CPU
		{A72482CE-A493-4052-9F6A-FEC772F74973}.Debug|Any CPU.Build.0 = Debug|Any CPU
		{A72482CE-A493-4052-9F6A-FEC772F74973}.Release|Any CPU.ActiveCfg = Release|Any CPU
		{A72482CE-A493-4052-9F6A-FEC772F74973}.Release|Any CPU.Build.0 = Release|Any CPU
		{BBB029F6-547E-4EBE-B2C8-FBF96E018487}.Debug|Any CPU.ActiveCfg = Debug|Any CPU
		{BBB029F6-547E-4EBE-B2C8-FBF96E018487}.Debug|Any CPU.Build.0 = Debug|Any CPU
		{BBB029F6-547E-4EBE-B2C8-FBF96E018487}.Release|Any CPU.ActiveCfg = Release|Any CPU
		{BBB029F6-547E-4EBE-B2C8-FBF96E018487}.Release|Any CPU.Build.0 = Release|Any CPU
	EndGlobalSection
	GlobalSection(SolutionProperties) = preSolution
		HideSolutionNode = FALSE
	EndGlobalSection
	GlobalSection(ExtensibilityGlobals) = postSolution
		SolutionGuid = {BAA435F0-ACA0-4334-B941-7905CDBB58F8}
	EndGlobalSection
EndGlobal
